{
  "name": "xhr",
  "version": "1.0.0",
  "lockfileVersion": 2,
  "requires": true,
  "packages": {
    "": {
      "name": "xhr",
      "version": "1.0.0",
      "license": "ISC",
      "dependencies": {
        "myserver": "github:barnaligorai/myServer"
      }
    },
    "node_modules/myserver": {
      "version": "1.0.0",
      "resolved": "git+ssh://git@github.com/barnaligorai/myServer.git#05135c0510771f8cc79cdfbad93b30b801183d72",
      "license": "ISC"
    }
  },
  "dependencies": {
    "myserver": {
      "version": "git+ssh://git@github.com/barnaligorai/myServer.git#05135c0510771f8cc79cdfbad93b30b801183d72",
      "from": "myserver@https://github.com/barnaligorai/myServer"
    }
  }
}
